// !$*UTF8*$!
{
	archiveVersion = 1;
	classes = {
	};
	objectVersion = 54;
	objects = {

/* Begin PBXBuildFile section */
		0C80B921A6F3F58F76C31292 /* libPods-AdhkarApp.a in Frameworks */ = {isa = PBXBuildFile; fileRef = 5DCACB8F33CDC322A6C60F78 /* libPods-AdhkarApp.a */; };
		13B07FBF1A68108700A75B9A /* Images.xcassets in Resources */ = {isa = PBXBuildFile; fileRef = 13B07FB51A68108700A75B9A /* Images.xcassets */; };
		761780ED2CA45674006654EE /* AppDelegate.swift in Sources */ = {isa = PBXBuildFile; fileRef = 761780EC2CA45674006654EE /* AppDelegate.swift */; };
		81AB9BB82411601600AC10FF /* LaunchScreen.storyboard in Resources */ = {isa = PBXBuildFile; fileRef = 81AB9BB72411601600AC10FF /* LaunchScreen.storyboard */; };
		9524BD6403354CD1860D79B4 /* ScheherazadeNew-Bold.ttf in Resources */ = {isa = PBXBuildFile; fileRef = 9C55209D6AA140FB87F2D2F9 /* ScheherazadeNew-Bold.ttf */; };
		34A55EDF10244926AA09ADF5 /* ScheherazadeNew-Medium.ttf in Resources */ = {isa = PBXBuildFile; fileRef = 41CE47EFF18A4A7CBC7A3FFE /* ScheherazadeNew-Medium.ttf */; };
		CC3AC2FB4C794B27AD267375 /* ScheherazadeNew-Regular.ttf in Resources */ = {isa = PBXBuildFile; fileRef = 36175D51CBAE450080CABC9F /* ScheherazadeNew-Regular.ttf */; };
		BFE3212B1C994541B5AF7339 /* ScheherazadeNew-SemiBold.ttf in Resources */ = {isa = PBXBuildFile; fileRef = 7DE0260EC4DC4CC393142191 /* ScheherazadeNew-SemiBold.ttf */; };
		E46C884C7BD5492DA314019E /* NotoSansMalayalam-VariableFont_wdth,wght.ttf in Resources */ = {isa = PBXBuildFile; fileRef = 5A222588B5DD4B40B41C1677 /* NotoSansMalayalam-VariableFont_wdth,wght.ttf */; };
		8DA1075EF8DE417C8B2A9612 /* NotoSansMalayalam-Black.ttf in Resources */ = {isa = PBXBuildFile; fileRef = A3D840E5BE3C4CEAB390B1FC /* NotoSansMalayalam-Black.ttf */; };
		5B2501595E384728836AC944 /* NotoSansMalayalam-Bold.ttf in Resources */ = {isa = PBXBuildFile; fileRef = A10DBBECF2F040A58CE87DF2 /* NotoSansMalayalam-Bold.ttf */; };
		3A3BEBF288FF4EAFAF3CB6DF /* NotoSansMalayalam-ExtraBold.ttf in Resources */ = {isa = PBXBuildFile; fileRef = 608C7F79D15349829FFB4EA2 /* NotoSansMalayalam-ExtraBold.ttf */; };
		64706AB386374F55BBBE82B4 /* NotoSansMalayalam-ExtraLight.ttf in Resources */ = {isa = PBXBuildFile; fileRef = 1A900BA4889241D0907DC268 /* NotoSansMalayalam-ExtraLight.ttf */; };
		62FF82ADFB2B47F1B86656E4 /* NotoSansMalayalam-Light.ttf in Resources */ = {isa = PBXBuildFile; fileRef = 6EA03D760E134BBC9CE402C0 /* NotoSansMalayalam-Light.ttf */; };
		E9B0CF06FA9F4B44B60DE298 /* NotoSansMalayalam-Medium.ttf in Resources */ = {isa = PBXBuildFile; fileRef = E188BF401299480B9C009560 /* NotoSansMalayalam-Medium.ttf */; };
		B953CD25C55944C697FDB12B /* NotoSansMalayalam-Regular.ttf in Resources */ = {isa = PBXBuildFile; fileRef = F641F70FA6F04FADA46E17F9 /* NotoSansMalayalam-Regular.ttf */; };
		740F7D86EE614472A9967D84 /* NotoSansMalayalam-SemiBold.ttf in Resources */ = {isa = PBXBuildFile; fileRef = 27B9C3768AE849ED934CFFDE /* NotoSansMalayalam-SemiBold.ttf */; };
		4D92894B8F464D21BC476B98 /* NotoSansMalayalam-Thin.ttf in Resources */ = {isa = PBXBuildFile; fileRef = 42E48C1D23B24B06AAACEF18 /* NotoSansMalayalam-Thin.ttf */; };
		3DB3A58E37F849E1AF6EF7C0 /* NotoSansMalayalam_Condensed-Black.ttf in Resources */ = {isa = PBXBuildFile; fileRef = 6222A3E02CC3467BA0A6A1B8 /* NotoSansMalayalam_Condensed-Black.ttf */; };
		C472F627B0F54F5688581D29 /* NotoSansMalayalam_Condensed-Bold.ttf in Resources */ = {isa = PBXBuildFile; fileRef = D586ECC761F84F2BA958BE5D /* NotoSansMalayalam_Condensed-Bold.ttf */; };
		6D76623987744278B670F456 /* NotoSansMalayalam_Condensed-ExtraBold.ttf in Resources */ = {isa = PBXBuildFile; fileRef = 626AA8AECEF84373B7C2A379 /* NotoSansMalayalam_Condensed-ExtraBold.ttf */; };
		705CF9B0824A4E4D935C2B24 /* NotoSansMalayalam_Condensed-ExtraLight.ttf in Resources */ = {isa = PBXBuildFile; fileRef = 7FDEB9495D534A229A311778 /* NotoSansMalayalam_Condensed-ExtraLight.ttf */; };
		297EB89D4A574BC1B00891D2 /* NotoSansMalayalam_Condensed-Light.ttf in Resources */ = {isa = PBXBuildFile; fileRef = 3B6894935ABF4BEAA3DDCFA4 /* NotoSansMalayalam_Condensed-Light.ttf */; };
		63DA9667FFA74FE2BEE39455 /* NotoSansMalayalam_Condensed-Medium.ttf in Resources */ = {isa = PBXBuildFile; fileRef = 757618B4AAB64F2FA0C806C4 /* NotoSansMalayalam_Condensed-Medium.ttf */; };
		285ECBC673094C14BA4FE06F /* NotoSansMalayalam_Condensed-Regular.ttf in Resources */ = {isa = PBXBuildFile; fileRef = 3A785C6F88B442C4B855011E /* NotoSansMalayalam_Condensed-Regular.ttf */; };
		652E5CC6563647FAB9D2B843 /* NotoSansMalayalam_Condensed-SemiBold.ttf in Resources */ = {isa = PBXBuildFile; fileRef = 041055F82BC34DEF85A89E0E /* NotoSansMalayalam_Condensed-SemiBold.ttf */; };
		48BB02F12A4942F6B7AEB88B /* NotoSansMalayalam_Condensed-Thin.ttf in Resources */ = {isa = PBXBuildFile; fileRef = 3B41C84996FE47B5BA42CC25 /* NotoSansMalayalam_Condensed-Thin.ttf */; };
		82271F319F674EE18CE33121 /* NotoSansMalayalam_ExtraCondensed-Black.ttf in Resources */ = {isa = PBXBuildFile; fileRef = BDBACA971B80427C94014B96 /* NotoSansMalayalam_ExtraCondensed-Black.ttf */; };
		002EC2F045F445A6A2E577F0 /* NotoSansMalayalam_ExtraCondensed-Bold.ttf in Resources */ = {isa = PBXBuildFile; fileRef = B98F126525E543178105A693 /* NotoSansMalayalam_ExtraCondensed-Bold.ttf */; };
		8637290F3517408D80825F8D /* NotoSansMalayalam_ExtraCondensed-ExtraBold.ttf in Resources */ = {isa = PBXBuildFile; fileRef = E0016E153FA94AB4AC3C303F /* NotoSansMalayalam_ExtraCondensed-ExtraBold.ttf */; };
		B37CA104882B40749B833F63 /* NotoSansMalayalam_ExtraCondensed-ExtraLight.ttf in Resources */ = {isa = PBXBuildFile; fileRef = A3DE6920AFF34BF9B008E1EE /* NotoSansMalayalam_ExtraCondensed-ExtraLight.ttf */; };
		54031832BB82469E9C364DF2 /* NotoSansMalayalam_ExtraCondensed-Light.ttf in Resources */ = {isa = PBXBuildFile; fileRef = ED6DA79D52014FA8BE7E583E /* NotoSansMalayalam_ExtraCondensed-Light.ttf */; };
		835D78EB53884E82B5C5934F /* NotoSansMalayalam_ExtraCondensed-Medium.ttf in Resources */ = {isa = PBXBuildFile; fileRef = 2E6143CC3E314CDF91AC40C2 /* NotoSansMalayalam_ExtraCondensed-Medium.ttf */; };
		27B1DF96EF8347E99BE3DDC8 /* NotoSansMalayalam_ExtraCondensed-Regular.ttf in Resources */ = {isa = PBXBuildFile; fileRef = C5566C80D144443CA2DDA2E1 /* NotoSansMalayalam_ExtraCondensed-Regular.ttf */; };
		67FB37C7F7ED4B4FA84AF45D /* NotoSansMalayalam_ExtraCondensed-SemiBold.ttf in Resources */ = {isa = PBXBuildFile; fileRef = A95FAD322B3A4E3B8DD911A3 /* NotoSansMalayalam_ExtraCondensed-SemiBold.ttf */; };
		0553FC3C6B6B488FB9AF0F3C /* NotoSansMalayalam_ExtraCondensed-Thin.ttf in Resources */ = {isa = PBXBuildFile; fileRef = B45ACCA4E9344F4F95520A8F /* NotoSansMalayalam_ExtraCondensed-Thin.ttf */; };
		4C9BF18A306F4674B3816783 /* NotoSansMalayalam_SemiCondensed-Black.ttf in Resources */ = {isa = PBXBuildFile; fileRef = CC69B4BABD004EDCB09A4333 /* NotoSansMalayalam_SemiCondensed-Black.ttf */; };
		EAAB66BBCBB04250AC99937A /* NotoSansMalayalam_SemiCondensed-Bold.ttf in Resources */ = {isa = PBXBuildFile; fileRef = F30B0C8C459D4C94A4D60493 /* NotoSansMalayalam_SemiCondensed-Bold.ttf */; };
		066CA988449749DF959BB022 /* NotoSansMalayalam_SemiCondensed-ExtraBold.ttf in Resources */ = {isa = PBXBuildFile; fileRef = 05EAB89CE105449E8D492989 /* NotoSansMalayalam_SemiCondensed-ExtraBold.ttf */; };
		8BB3F277C1FD4FE5948D25A0 /* NotoSansMalayalam_SemiCondensed-ExtraLight.ttf in Resources */ = {isa = PBXBuildFile; fileRef = E4AC32C96A3245E78A0A53E1 /* NotoSansMalayalam_SemiCondensed-ExtraLight.ttf */; };
		E7CF7C0297E24E38BB2AFFB4 /* NotoSansMalayalam_SemiCondensed-Light.ttf in Resources */ = {isa = PBXBuildFile; fileRef = BA80B6EEEDE942C89D0BA65C /* NotoSansMalayalam_SemiCondensed-Light.ttf */; };
		E6CCC7FE206E4317ADBB2D6E /* NotoSansMalayalam_SemiCondensed-Medium.ttf in Resources */ = {isa = PBXBuildFile; fileRef = 451FC19E76814977A1D63985 /* NotoSansMalayalam_SemiCondensed-Medium.ttf */; };
		A589A1EC787748858FE18FB4 /* NotoSansMalayalam_SemiCondensed-Regular.ttf in Resources */ = {isa = PBXBuildFile; fileRef = A6CF6D6203094E6DAFF798F3 /* NotoSansMalayalam_SemiCondensed-Regular.ttf */; };
		F18078AC1093404F8640F9F8 /* NotoSansMalayalam_SemiCondensed-SemiBold.ttf in Resources */ = {isa = PBXBuildFile; fileRef = 32463929AF44467E88254F0D /* NotoSansMalayalam_SemiCondensed-SemiBold.ttf */; };
		9298E9EA631E4644A403E660 /* NotoSansMalayalam_SemiCondensed-Thin.ttf in Resources */ = {isa = PBXBuildFile; fileRef = E94B5DCD6D6A4FE7BB3DB467 /* NotoSansMalayalam_SemiCondensed-Thin.ttf */; };
		50EA518105234632A637DBAD /* OFL.txt in Resources */ = {isa = PBXBuildFile; fileRef = C8760E11234E4372943A4D41 /* OFL.txt */; };
		C63C79DA76464E27B6E6FFED /* README.txt in Resources */ = {isa = PBXBuildFile; fileRef = 71FCFA92A23F4CACA89070F3 /* README.txt */; };
/* End PBXBuildFile section */

/* Begin PBXFileReference section */
		13B07F961A680F5B00A75B9A /* AdhkarApp.app */ = {isa = PBXFileReference; explicitFileType = wrapper.application; includeInIndex = 0; path = AdhkarApp.app; sourceTree = BUILT_PRODUCTS_DIR; };
		13B07FB51A68108700A75B9A /* Images.xcassets */ = {isa = PBXFileReference; lastKnownFileType = folder.assetcatalog; name = Images.xcassets; path = AdhkarApp/Images.xcassets; sourceTree = "<group>"; };
		13B07FB61A68108700A75B9A /* Info.plist */ = {isa = PBXFileReference; fileEncoding = 4; lastKnownFileType = text.plist.xml; name = Info.plist; path = AdhkarApp/Info.plist; sourceTree = "<group>"; };
		13B07FB81A68108700A75B9A /* PrivacyInfo.xcprivacy */ = {isa = PBXFileReference; fileEncoding = 4; lastKnownFileType = text.plist.xml; name = PrivacyInfo.xcprivacy; path = AdhkarApp/PrivacyInfo.xcprivacy; sourceTree = "<group>"; };
		3B4392A12AC88292D35C810B /* Pods-AdhkarApp.debug.xcconfig */ = {isa = PBXFileReference; includeInIndex = 1; lastKnownFileType = text.xcconfig; name = "Pods-AdhkarApp.debug.xcconfig"; path = "Target Support Files/Pods-AdhkarApp/Pods-AdhkarApp.debug.xcconfig"; sourceTree = "<group>"; };
		5709B34CF0A7D63546082F79 /* Pods-AdhkarApp.release.xcconfig */ = {isa = PBXFileReference; includeInIndex = 1; lastKnownFileType = text.xcconfig; name = "Pods-AdhkarApp.release.xcconfig"; path = "Target Support Files/Pods-AdhkarApp/Pods-AdhkarApp.release.xcconfig"; sourceTree = "<group>"; };
		5DCACB8F33CDC322A6C60F78 /* libPods-AdhkarApp.a */ = {isa = PBXFileReference; explicitFileType = archive.ar; includeInIndex = 0; path = "libPods-AdhkarApp.a"; sourceTree = BUILT_PRODUCTS_DIR; };
		761780EC2CA45674006654EE /* AppDelegate.swift */ = {isa = PBXFileReference; lastKnownFileType = sourcecode.swift; name = AppDelegate.swift; path = AdhkarApp/AppDelegate.swift; sourceTree = "<group>"; };
		81AB9BB72411601600AC10FF /* LaunchScreen.storyboard */ = {isa = PBXFileReference; fileEncoding = 4; lastKnownFileType = file.storyboard; name = LaunchScreen.storyboard; path = AdhkarApp/LaunchScreen.storyboard; sourceTree = "<group>"; };
		ED297162215061F000B7C4FE /* JavaScriptCore.framework */ = {isa = PBXFileReference; lastKnownFileType = wrapper.framework; name = JavaScriptCore.framework; path = System/Library/Frameworks/JavaScriptCore.framework; sourceTree = SDKROOT; };
		9C55209D6AA140FB87F2D2F9 /* ScheherazadeNew-Bold.ttf */ = {isa = PBXFileReference; name = "ScheherazadeNew-Bold.ttf"; path = "../src/assets/fonts/ScheherazadeNew-Bold.ttf"; sourceTree = "<group>"; fileEncoding = undefined; lastKnownFileType = unknown; explicitFileType = undefined; includeInIndex = 0; };
		41CE47EFF18A4A7CBC7A3FFE /* ScheherazadeNew-Medium.ttf */ = {isa = PBXFileReference; name = "ScheherazadeNew-Medium.ttf"; path = "../src/assets/fonts/ScheherazadeNew-Medium.ttf"; sourceTree = "<group>"; fileEncoding = undefined; lastKnownFileType = unknown; explicitFileType = undefined; includeInIndex = 0; };
		36175D51CBAE450080CABC9F /* ScheherazadeNew-Regular.ttf */ = {isa = PBXFileReference; name = "ScheherazadeNew-Regular.ttf"; path = "../src/assets/fonts/ScheherazadeNew-Regular.ttf"; sourceTree = "<group>"; fileEncoding = undefined; lastKnownFileType = unknown; explicitFileType = undefined; includeInIndex = 0; };
		7DE0260EC4DC4CC393142191 /* ScheherazadeNew-SemiBold.ttf */ = {isa = PBXFileReference; name = "ScheherazadeNew-SemiBold.ttf"; path = "../src/assets/fonts/ScheherazadeNew-SemiBold.ttf"; sourceTree = "<group>"; fileEncoding = undefined; lastKnownFileType = unknown; explicitFileType = undefined; includeInIndex = 0; };
		5A222588B5DD4B40B41C1677 /* NotoSansMalayalam-VariableFont_wdth,wght.ttf */ = {isa = PBXFileReference; name = "NotoSansMalayalam-VariableFont_wdth,wght.ttf"; path = "../src/assets/fonts/NotoSansMalayalam-VariableFont_wdth,wght.ttf"; sourceTree = "<group>"; fileEncoding = undefined; lastKnownFileType = unknown; explicitFileType = undefined; includeInIndex = 0; };
		A3D840E5BE3C4CEAB390B1FC /* NotoSansMalayalam-Black.ttf */ = {isa = PBXFileReference; name = "NotoSansMalayalam-Black.ttf"; path = "../src/assets/fonts/static/NotoSansMalayalam-Black.ttf"; sourceTree = "<group>"; fileEncoding = undefined; lastKnownFileType = unknown; explicitFileType = undefined; includeInIndex = 0; };
		A10DBBECF2F040A58CE87DF2 /* NotoSansMalayalam-Bold.ttf */ = {isa = PBXFileReference; name = "NotoSansMalayalam-Bold.ttf"; path = "../src/assets/fonts/static/NotoSansMalayalam-Bold.ttf"; sourceTree = "<group>"; fileEncoding = undefined; lastKnownFileType = unknown; explicitFileType = undefined; includeInIndex = 0; };
		608C7F79D15349829FFB4EA2 /* NotoSansMalayalam-ExtraBold.ttf */ = {isa = PBXFileReference; name = "NotoSansMalayalam-ExtraBold.ttf"; path = "../src/assets/fonts/static/NotoSansMalayalam-ExtraBold.ttf"; sourceTree = "<group>"; fileEncoding = undefined; lastKnownFileType = unknown; explicitFileType = undefined; includeInIndex = 0; };
		1A900BA4889241D0907DC268 /* NotoSansMalayalam-ExtraLight.ttf */ = {isa = PBXFileReference; name = "NotoSansMalayalam-ExtraLight.ttf"; path = "../src/assets/fonts/static/NotoSansMalayalam-ExtraLight.ttf"; sourceTree = "<group>"; fileEncoding = undefined; lastKnownFileType = unknown; explicitFileType = undefined; includeInIndex = 0; };
		6EA03D760E134BBC9CE402C0 /* NotoSansMalayalam-Light.ttf */ = {isa = PBXFileReference; name = "NotoSansMalayalam-Light.ttf"; path = "../src/assets/fonts/static/NotoSansMalayalam-Light.ttf"; sourceTree = "<group>"; fileEncoding = undefined; lastKnownFileType = unknown; explicitFileType = undefined; includeInIndex = 0; };
		E188BF401299480B9C009560 /* NotoSansMalayalam-Medium.ttf */ = {isa = PBXFileReference; name = "NotoSansMalayalam-Medium.ttf"; path = "../src/assets/fonts/static/NotoSansMalayalam-Medium.ttf"; sourceTree = "<group>"; fileEncoding = undefined; lastKnownFileType = unknown; explicitFileType = undefined; includeInIndex = 0; };
		F641F70FA6F04FADA46E17F9 /* NotoSansMalayalam-Regular.ttf */ = {isa = PBXFileReference; name = "NotoSansMalayalam-Regular.ttf"; path = "../src/assets/fonts/static/NotoSansMalayalam-Regular.ttf"; sourceTree = "<group>"; fileEncoding = undefined; lastKnownFileType = unknown; explicitFileType = undefined; includeInIndex = 0; };
		27B9C3768AE849ED934CFFDE /* NotoSansMalayalam-SemiBold.ttf */ = {isa = PBXFileReference; name = "NotoSansMalayalam-SemiBold.ttf"; path = "../src/assets/fonts/static/NotoSansMalayalam-SemiBold.ttf"; sourceTree = "<group>"; fileEncoding = undefined; lastKnownFileType = unknown; explicitFileType = undefined; includeInIndex = 0; };
		42E48C1D23B24B06AAACEF18 /* NotoSansMalayalam-Thin.ttf */ = {isa = PBXFileReference; name = "NotoSansMalayalam-Thin.ttf"; path = "../src/assets/fonts/static/NotoSansMalayalam-Thin.ttf"; sourceTree = "<group>"; fileEncoding = undefined; lastKnownFileType = unknown; explicitFileType = undefined; includeInIndex = 0; };
		6222A3E02CC3467BA0A6A1B8 /* NotoSansMalayalam_Condensed-Black.ttf */ = {isa = PBXFileReference; name = "NotoSansMalayalam_Condensed-Black.ttf"; path = "../src/assets/fonts/static/NotoSansMalayalam_Condensed-Black.ttf"; sourceTree = "<group>"; fileEncoding = undefined; lastKnownFileType = unknown; explicitFileType = undefined; includeInIndex = 0; };
		D586ECC761F84F2BA958BE5D /* NotoSansMalayalam_Condensed-Bold.ttf */ = {isa = PBXFileReference; name = "NotoSansMalayalam_Condensed-Bold.ttf"; path = "../src/assets/fonts/static/NotoSansMalayalam_Condensed-Bold.ttf"; sourceTree = "<group>"; fileEncoding = undefined; lastKnownFileType = unknown; explicitFileType = undefined; includeInIndex = 0; };
		626AA8AECEF84373B7C2A379 /* NotoSansMalayalam_Condensed-ExtraBold.ttf */ = {isa = PBXFileReference; name = "NotoSansMalayalam_Condensed-ExtraBold.ttf"; path = "../src/assets/fonts/static/NotoSansMalayalam_Condensed-ExtraBold.ttf"; sourceTree = "<group>"; fileEncoding = undefined; lastKnownFileType = unknown; explicitFileType = undefined; includeInIndex = 0; };
		7FDEB9495D534A229A311778 /* NotoSansMalayalam_Condensed-ExtraLight.ttf */ = {isa = PBXFileReference; name = "NotoSansMalayalam_Condensed-ExtraLight.ttf"; path = "../src/assets/fonts/static/NotoSansMalayalam_Condensed-ExtraLight.ttf"; sourceTree = "<group>"; fileEncoding = undefined; lastKnownFileType = unknown; explicitFileType = undefined; includeInIndex = 0; };
		3B6894935ABF4BEAA3DDCFA4 /* NotoSansMalayalam_Condensed-Light.ttf */ = {isa = PBXFileReference; name = "NotoSansMalayalam_Condensed-Light.ttf"; path = "../src/assets/fonts/static/NotoSansMalayalam_Condensed-Light.ttf"; sourceTree = "<group>"; fileEncoding = undefined; lastKnownFileType = unknown; explicitFileType = undefined; includeInIndex = 0; };
		757618B4AAB64F2FA0C806C4 /* NotoSansMalayalam_Condensed-Medium.ttf */ = {isa = PBXFileReference; name = "NotoSansMalayalam_Condensed-Medium.ttf"; path = "../src/assets/fonts/static/NotoSansMalayalam_Condensed-Medium.ttf"; sourceTree = "<group>"; fileEncoding = undefined; lastKnownFileType = unknown; explicitFileType = undefined; includeInIndex = 0; };
		3A785C6F88B442C4B855011E /* NotoSansMalayalam_Condensed-Regular.ttf */ = {isa = PBXFileReference; name = "NotoSansMalayalam_Condensed-Regular.ttf"; path = "../src/assets/fonts/static/NotoSansMalayalam_Condensed-Regular.ttf"; sourceTree = "<group>"; fileEncoding = undefined; lastKnownFileType = unknown; explicitFileType = undefined; includeInIndex = 0; };
		041055F82BC34DEF85A89E0E /* NotoSansMalayalam_Condensed-SemiBold.ttf */ = {isa = PBXFileReference; name = "NotoSansMalayalam_Condensed-SemiBold.ttf"; path = "../src/assets/fonts/static/NotoSansMalayalam_Condensed-SemiBold.ttf"; sourceTree = "<group>"; fileEncoding = undefined; lastKnownFileType = unknown; explicitFileType = undefined; includeInIndex = 0; };
		3B41C84996FE47B5BA42CC25 /* NotoSansMalayalam_Condensed-Thin.ttf */ = {isa = PBXFileReference; name = "NotoSansMalayalam_Condensed-Thin.ttf"; path = "../src/assets/fonts/static/NotoSansMalayalam_Condensed-Thin.ttf"; sourceTree = "<group>"; fileEncoding = undefined; lastKnownFileType = unknown; explicitFileType = undefined; includeInIndex = 0; };
		BDBACA971B80427C94014B96 /* NotoSansMalayalam_ExtraCondensed-Black.ttf */ = {isa = PBXFileReference; name = "NotoSansMalayalam_ExtraCondensed-Black.ttf"; path = "../src/assets/fonts/static/NotoSansMalayalam_ExtraCondensed-Black.ttf"; sourceTree = "<group>"; fileEncoding = undefined; lastKnownFileType = unknown; explicitFileType = undefined; includeInIndex = 0; };
		B98F126525E543178105A693 /* NotoSansMalayalam_ExtraCondensed-Bold.ttf */ = {isa = PBXFileReference; name = "NotoSansMalayalam_ExtraCondensed-Bold.ttf"; path = "../src/assets/fonts/static/NotoSansMalayalam_ExtraCondensed-Bold.ttf"; sourceTree = "<group>"; fileEncoding = undefined; lastKnownFileType = unknown; explicitFileType = undefined; includeInIndex = 0; };
		E0016E153FA94AB4AC3C303F /* NotoSansMalayalam_ExtraCondensed-ExtraBold.ttf */ = {isa = PBXFileReference; name = "NotoSansMalayalam_ExtraCondensed-ExtraBold.ttf"; path = "../src/assets/fonts/static/NotoSansMalayalam_ExtraCondensed-ExtraBold.ttf"; sourceTree = "<group>"; fileEncoding = undefined; lastKnownFileType = unknown; explicitFileType = undefined; includeInIndex = 0; };
		A3DE6920AFF34BF9B008E1EE /* NotoSansMalayalam_ExtraCondensed-ExtraLight.ttf */ = {isa = PBXFileReference; name = "NotoSansMalayalam_ExtraCondensed-ExtraLight.ttf"; path = "../src/assets/fonts/static/NotoSansMalayalam_ExtraCondensed-ExtraLight.ttf"; sourceTree = "<group>"; fileEncoding = undefined; lastKnownFileType = unknown; explicitFileType = undefined; includeInIndex = 0; };
		ED6DA79D52014FA8BE7E583E /* NotoSansMalayalam_ExtraCondensed-Light.ttf */ = {isa = PBXFileReference; name = "NotoSansMalayalam_ExtraCondensed-Light.ttf"; path = "../src/assets/fonts/static/NotoSansMalayalam_ExtraCondensed-Light.ttf"; sourceTree = "<group>"; fileEncoding = undefined; lastKnownFileType = unknown; explicitFileType = undefined; includeInIndex = 0; };
		2E6143CC3E314CDF91AC40C2 /* NotoSansMalayalam_ExtraCondensed-Medium.ttf */ = {isa = PBXFileReference; name = "NotoSansMalayalam_ExtraCondensed-Medium.ttf"; path = "../src/assets/fonts/static/NotoSansMalayalam_ExtraCondensed-Medium.ttf"; sourceTree = "<group>"; fileEncoding = undefined; lastKnownFileType = unknown; explicitFileType = undefined; includeInIndex = 0; };
		C5566C80D144443CA2DDA2E1 /* NotoSansMalayalam_ExtraCondensed-Regular.ttf */ = {isa = PBXFileReference; name = "NotoSansMalayalam_ExtraCondensed-Regular.ttf"; path = "../src/assets/fonts/static/NotoSansMalayalam_ExtraCondensed-Regular.ttf"; sourceTree = "<group>"; fileEncoding = undefined; lastKnownFileType = unknown; explicitFileType = undefined; includeInIndex = 0; };
		A95FAD322B3A4E3B8DD911A3 /* NotoSansMalayalam_ExtraCondensed-SemiBold.ttf */ = {isa = PBXFileReference; name = "NotoSansMalayalam_ExtraCondensed-SemiBold.ttf"; path = "../src/assets/fonts/static/NotoSansMalayalam_ExtraCondensed-SemiBold.ttf"; sourceTree = "<group>"; fileEncoding = undefined; lastKnownFileType = unknown; explicitFileType = undefined; includeInIndex = 0; };
		B45ACCA4E9344F4F95520A8F /* NotoSansMalayalam_ExtraCondensed-Thin.ttf */ = {isa = PBXFileReference; name = "NotoSansMalayalam_ExtraCondensed-Thin.ttf"; path = "../src/assets/fonts/static/NotoSansMalayalam_ExtraCondensed-Thin.ttf"; sourceTree = "<group>"; fileEncoding = undefined; lastKnownFileType = unknown; explicitFileType = undefined; includeInIndex = 0; };
		CC69B4BABD004EDCB09A4333 /* NotoSansMalayalam_SemiCondensed-Black.ttf */ = {isa = PBXFileReference; name = "NotoSansMalayalam_SemiCondensed-Black.ttf"; path = "../src/assets/fonts/static/NotoSansMalayalam_SemiCondensed-Black.ttf"; sourceTree = "<group>"; fileEncoding = undefined; lastKnownFileType = unknown; explicitFileType = undefined; includeInIndex = 0; };
		F30B0C8C459D4C94A4D60493 /* NotoSansMalayalam_SemiCondensed-Bold.ttf */ = {isa = PBXFileReference; name = "NotoSansMalayalam_SemiCondensed-Bold.ttf"; path = "../src/assets/fonts/static/NotoSansMalayalam_SemiCondensed-Bold.ttf"; sourceTree = "<group>"; fileEncoding = undefined; lastKnownFileType = unknown; explicitFileType = undefined; includeInIndex = 0; };
		05EAB89CE105449E8D492989 /* NotoSansMalayalam_SemiCondensed-ExtraBold.ttf */ = {isa = PBXFileReference; name = "NotoSansMalayalam_SemiCondensed-ExtraBold.ttf"; path = "../src/assets/fonts/static/NotoSansMalayalam_SemiCondensed-ExtraBold.ttf"; sourceTree = "<group>"; fileEncoding = undefined; lastKnownFileType = unknown; explicitFileType = undefined; includeInIndex = 0; };
		E4AC32C96A3245E78A0A53E1 /* NotoSansMalayalam_SemiCondensed-ExtraLight.ttf */ = {isa = PBXFileReference; name = "NotoSansMalayalam_SemiCondensed-ExtraLight.ttf"; path = "../src/assets/fonts/static/NotoSansMalayalam_SemiCondensed-ExtraLight.ttf"; sourceTree = "<group>"; fileEncoding = undefined; lastKnownFileType = unknown; explicitFileType = undefined; includeInIndex = 0; };
		BA80B6EEEDE942C89D0BA65C /* NotoSansMalayalam_SemiCondensed-Light.ttf */ = {isa = PBXFileReference; name = "NotoSansMalayalam_SemiCondensed-Light.ttf"; path = "../src/assets/fonts/static/NotoSansMalayalam_SemiCondensed-Light.ttf"; sourceTree = "<group>"; fileEncoding = undefined; lastKnownFileType = unknown; explicitFileType = undefined; includeInIndex = 0; };
		451FC19E76814977A1D63985 /* NotoSansMalayalam_SemiCondensed-Medium.ttf */ = {isa = PBXFileReference; name = "NotoSansMalayalam_SemiCondensed-Medium.ttf"; path = "../src/assets/fonts/static/NotoSansMalayalam_SemiCondensed-Medium.ttf"; sourceTree = "<group>"; fileEncoding = undefined; lastKnownFileType = unknown; explicitFileType = undefined; includeInIndex = 0; };
		A6CF6D6203094E6DAFF798F3 /* NotoSansMalayalam_SemiCondensed-Regular.ttf */ = {isa = PBXFileReference; name = "NotoSansMalayalam_SemiCondensed-Regular.ttf"; path = "../src/assets/fonts/static/NotoSansMalayalam_SemiCondensed-Regular.ttf"; sourceTree = "<group>"; fileEncoding = undefined; lastKnownFileType = unknown; explicitFileType = undefined; includeInIndex = 0; };
		32463929AF44467E88254F0D /* NotoSansMalayalam_SemiCondensed-SemiBold.ttf */ = {isa = PBXFileReference; name = "NotoSansMalayalam_SemiCondensed-SemiBold.ttf"; path = "../src/assets/fonts/static/NotoSansMalayalam_SemiCondensed-SemiBold.ttf"; sourceTree = "<group>"; fileEncoding = undefined; lastKnownFileType = unknown; explicitFileType = undefined; includeInIndex = 0; };
		E94B5DCD6D6A4FE7BB3DB467 /* NotoSansMalayalam_SemiCondensed-Thin.ttf */ = {isa = PBXFileReference; name = "NotoSansMalayalam_SemiCondensed-Thin.ttf"; path = "../src/assets/fonts/static/NotoSansMalayalam_SemiCondensed-Thin.ttf"; sourceTree = "<group>"; fileEncoding = undefined; lastKnownFileType = unknown; explicitFileType = undefined; includeInIndex = 0; };
		C8760E11234E4372943A4D41 /* OFL.txt */ = {isa = PBXFileReference; name = "OFL.txt"; path = "../src/assets/fonts/OFL.txt"; sourceTree = "<group>"; fileEncoding = undefined; lastKnownFileType = unknown; explicitFileType = undefined; includeInIndex = 0; };
		71FCFA92A23F4CACA89070F3 /* README.txt */ = {isa = PBXFileReference; name = "README.txt"; path = "../src/assets/fonts/README.txt"; sourceTree = "<group>"; fileEncoding = undefined; lastKnownFileType = unknown; explicitFileType = undefined; includeInIndex = 0; };
/* End PBXFileReference section */

/* Begin PBXFrameworksBuildPhase section */
		13B07F8C1A680F5B00A75B9A /* Frameworks */ = {
			isa = PBXFrameworksBuildPhase;
			buildActionMask = 2147483647;
			files = (
				0C80B921A6F3F58F76C31292 /* libPods-AdhkarApp.a in Frameworks */,
			);
			runOnlyForDeploymentPostprocessing = 0;
		};
/* End PBXFrameworksBuildPhase section */

/* Begin PBXGroup section */
		13B07FAE1A68108700A75B9A /* AdhkarApp */ = {
			isa = PBXGroup;
			children = (
				13B07FB51A68108700A75B9A /* Images.xcassets */,
				761780EC2CA45674006654EE /* AppDelegate.swift */,
				13B07FB61A68108700A75B9A /* Info.plist */,
				81AB9BB72411601600AC10FF /* LaunchScreen.storyboard */,
				13B07FB81A68108700A75B9A /* PrivacyInfo.xcprivacy */,
			);
			name = AdhkarApp;
			sourceTree = "<group>";
		};
		2D16E6871FA4F8E400B85C8A /* Frameworks */ = {
			isa = PBXGroup;
			children = (
				ED297162215061F000B7C4FE /* JavaScriptCore.framework */,
				5DCACB8F33CDC322A6C60F78 /* libPods-AdhkarApp.a */,
			);
			name = Frameworks;
			sourceTree = "<group>";
		};
		832341AE1AAA6A7D00B99B32 /* Libraries */ = {
			isa = PBXGroup;
			children = (
			);
			name = Libraries;
			sourceTree = "<group>";
		};
		83CBB9F61A601CBA00E9B192 = {
			isa = PBXGroup;
			children = (
				13B07FAE1A68108700A75B9A /* AdhkarApp */,
				832341AE1AAA6A7D00B99B32 /* Libraries */,
				83CBBA001A601CBA00E9B192 /* Products */,
				2D16E6871FA4F8E400B85C8A /* Frameworks */,
				BBD78D7AC51CEA395F1C20DB /* Pods */,
				50392E5BE6BC48E8AEDC8026 /* Resources */,
			);
			indentWidth = 2;
			sourceTree = "<group>";
			tabWidth = 2;
			usesTabs = 0;
		};
		83CBBA001A601CBA00E9B192 /* Products */ = {
			isa = PBXGroup;
			children = (
				13B07F961A680F5B00A75B9A /* AdhkarApp.app */,
			);
			name = Products;
			sourceTree = "<group>";
		};
		BBD78D7AC51CEA395F1C20DB /* Pods */ = {
			isa = PBXGroup;
			children = (
				3B4392A12AC88292D35C810B /* Pods-AdhkarApp.debug.xcconfig */,
				5709B34CF0A7D63546082F79 /* Pods-AdhkarApp.release.xcconfig */,
			);
			path = Pods;
			sourceTree = "<group>";
		};
		50392E5BE6BC48E8AEDC8026 /* Resources */ = {
			isa = "PBXGroup";
			children = (
				9C55209D6AA140FB87F2D2F9 /* ScheherazadeNew-Bold.ttf */,
				41CE47EFF18A4A7CBC7A3FFE /* ScheherazadeNew-Medium.ttf */,
				36175D51CBAE450080CABC9F /* ScheherazadeNew-Regular.ttf */,
				7DE0260EC4DC4CC393142191 /* ScheherazadeNew-SemiBold.ttf */,
				5A222588B5DD4B40B41C1677 /* NotoSansMalayalam-VariableFont_wdth,wght.ttf */,
				A3D840E5BE3C4CEAB390B1FC /* NotoSansMalayalam-Black.ttf */,
				A10DBBECF2F040A58CE87DF2 /* NotoSansMalayalam-Bold.ttf */,
				608C7F79D15349829FFB4EA2 /* NotoSansMalayalam-ExtraBold.ttf */,
				1A900BA4889241D0907DC268 /* NotoSansMalayalam-ExtraLight.ttf */,
				6EA03D760E134BBC9CE402C0 /* NotoSansMalayalam-Light.ttf */,
				E188BF401299480B9C009560 /* NotoSansMalayalam-Medium.ttf */,
				F641F70FA6F04FADA46E17F9 /* NotoSansMalayalam-Regular.ttf */,
				27B9C3768AE849ED934CFFDE /* NotoSansMalayalam-SemiBold.ttf */,
				42E48C1D23B24B06AAACEF18 /* NotoSansMalayalam-Thin.ttf */,
				6222A3E02CC3467BA0A6A1B8 /* NotoSansMalayalam_Condensed-Black.ttf */,
				D586ECC761F84F2BA958BE5D /* NotoSansMalayalam_Condensed-Bold.ttf */,
				626AA8AECEF84373B7C2A379 /* NotoSansMalayalam_Condensed-ExtraBold.ttf */,
				7FDEB9495D534A229A311778 /* NotoSansMalayalam_Condensed-ExtraLight.ttf */,
				3B6894935ABF4BEAA3DDCFA4 /* NotoSansMalayalam_Condensed-Light.ttf */,
				757618B4AAB64F2FA0C806C4 /* NotoSansMalayalam_Condensed-Medium.ttf */,
				3A785C6F88B442C4B855011E /* NotoSansMalayalam_Condensed-Regular.ttf */,
				041055F82BC34DEF85A89E0E /* NotoSansMalayalam_Condensed-SemiBold.ttf */,
				3B41C84996FE47B5BA42CC25 /* NotoSansMalayalam_Condensed-Thin.ttf */,
				BDBACA971B80427C94014B96 /* NotoSansMalayalam_ExtraCondensed-Black.ttf */,
				B98F126525E543178105A693 /* NotoSansMalayalam_ExtraCondensed-Bold.ttf */,
				E0016E153FA94AB4AC3C303F /* NotoSansMalayalam_ExtraCondensed-ExtraBold.ttf */,
				A3DE6920AFF34BF9B008E1EE /* NotoSansMalayalam_ExtraCondensed-ExtraLight.ttf */,
				ED6DA79D52014FA8BE7E583E /* NotoSansMalayalam_ExtraCondensed-Light.ttf */,
				2E6143CC3E314CDF91AC40C2 /* NotoSansMalayalam_ExtraCondensed-Medium.ttf */,
				C5566C80D144443CA2DDA2E1 /* NotoSansMalayalam_ExtraCondensed-Regular.ttf */,
				A95FAD322B3A4E3B8DD911A3 /* NotoSansMalayalam_ExtraCondensed-SemiBold.ttf */,
				B45ACCA4E9344F4F95520A8F /* NotoSansMalayalam_ExtraCondensed-Thin.ttf */,
				CC69B4BABD004EDCB09A4333 /* NotoSansMalayalam_SemiCondensed-Black.ttf */,
				F30B0C8C459D4C94A4D60493 /* NotoSansMalayalam_SemiCondensed-Bold.ttf */,
				05EAB89CE105449E8D492989 /* NotoSansMalayalam_SemiCondensed-ExtraBold.ttf */,
				E4AC32C96A3245E78A0A53E1 /* NotoSansMalayalam_SemiCondensed-ExtraLight.ttf */,
				BA80B6EEEDE942C89D0BA65C /* NotoSansMalayalam_SemiCondensed-Light.ttf */,
				451FC19E76814977A1D63985 /* NotoSansMalayalam_SemiCondensed-Medium.ttf */,
				A6CF6D6203094E6DAFF798F3 /* NotoSansMalayalam_SemiCondensed-Regular.ttf */,
				32463929AF44467E88254F0D /* NotoSansMalayalam_SemiCondensed-SemiBold.ttf */,
				E94B5DCD6D6A4FE7BB3DB467 /* NotoSansMalayalam_SemiCondensed-Thin.ttf */,
				C8760E11234E4372943A4D41 /* OFL.txt */,
				71FCFA92A23F4CACA89070F3 /* README.txt */,
			);
			name = Resources;
			sourceTree = "<group>";
			path = "";
		};
/* End PBXGroup section */

/* Begin PBXNativeTarget section */
		13B07F861A680F5B00A75B9A /* AdhkarApp */ = {
			isa = PBXNativeTarget;
			buildConfigurationList = 13B07F931A680F5B00A75B9A /* Build configuration list for PBXNativeTarget "AdhkarApp" */;
			buildPhases = (
				C38B50BA6285516D6DCD4F65 /* [CP] Check Pods Manifest.lock */,
				13B07F871A680F5B00A75B9A /* Sources */,
				13B07F8C1A680F5B00A75B9A /* Frameworks */,
				13B07F8E1A680F5B00A75B9A /* Resources */,
				00DD1BFF1BD5951E006B06BC /* Bundle React Native code and images */,
				00EEFC60759A1932668264C0 /* [CP] Embed Pods Frameworks */,
				E235C05ADACE081382539298 /* [CP] Copy Pods Resources */,
			);
			buildRules = (
			);
			dependencies = (
			);
			name = AdhkarApp;
			productName = AdhkarApp;
			productReference = 13B07F961A680F5B00A75B9A /* AdhkarApp.app */;
			productType = "com.apple.product-type.application";
		};
/* End PBXNativeTarget section */

/* Begin PBXProject section */
		83CBB9F71A601CBA00E9B192 /* Project object */ = {
			isa = PBXProject;
			attributes = {
				LastUpgradeCheck = 1210;
				TargetAttributes = {
					13B07F861A680F5B00A75B9A = {
						LastSwiftMigration = 1120;
					};
				};
			};
			buildConfigurationList = 83CBB9FA1A601CBA00E9B192 /* Build configuration list for PBXProject "AdhkarApp" */;
			compatibilityVersion = "Xcode 12.0";
			developmentRegion = en;
			hasScannedForEncodings = 0;
			knownRegions = (
				en,
				Base,
			);
			mainGroup = 83CBB9F61A601CBA00E9B192;
			productRefGroup = 83CBBA001A601CBA00E9B192 /* Products */;
			projectDirPath = "";
			projectRoot = "";
			targets = (
				13B07F861A680F5B00A75B9A /* AdhkarApp */,
			);
		};
/* End PBXProject section */

/* Begin PBXResourcesBuildPhase section */
		13B07F8E1A680F5B00A75B9A /* Resources */ = {
			isa = PBXResourcesBuildPhase;
			buildActionMask = 2147483647;
			files = (
				81AB9BB82411601600AC10FF /* LaunchScreen.storyboard in Resources */,
				13B07FBF1A68108700A75B9A /* Images.xcassets in Resources */,
				9524BD6403354CD1860D79B4 /* ScheherazadeNew-Bold.ttf in Resources */,
				34A55EDF10244926AA09ADF5 /* ScheherazadeNew-Medium.ttf in Resources */,
				CC3AC2FB4C794B27AD267375 /* ScheherazadeNew-Regular.ttf in Resources */,
				BFE3212B1C994541B5AF7339 /* ScheherazadeNew-SemiBold.ttf in Resources */,
				E46C884C7BD5492DA314019E /* NotoSansMalayalam-VariableFont_wdth,wght.ttf in Resources */,
				8DA1075EF8DE417C8B2A9612 /* NotoSansMalayalam-Black.ttf in Resources */,
				5B2501595E384728836AC944 /* NotoSansMalayalam-Bold.ttf in Resources */,
				3A3BEBF288FF4EAFAF3CB6DF /* NotoSansMalayalam-ExtraBold.ttf in Resources */,
				64706AB386374F55BBBE82B4 /* NotoSansMalayalam-ExtraLight.ttf in Resources */,
				62FF82ADFB2B47F1B86656E4 /* NotoSansMalayalam-Light.ttf in Resources */,
				E9B0CF06FA9F4B44B60DE298 /* NotoSansMalayalam-Medium.ttf in Resources */,
				B953CD25C55944C697FDB12B /* NotoSansMalayalam-Regular.ttf in Resources */,
				740F7D86EE614472A9967D84 /* NotoSansMalayalam-SemiBold.ttf in Resources */,
				4D92894B8F464D21BC476B98 /* NotoSansMalayalam-Thin.ttf in Resources */,
				3DB3A58E37F849E1AF6EF7C0 /* NotoSansMalayalam_Condensed-Black.ttf in Resources */,
				C472F627B0F54F5688581D29 /* NotoSansMalayalam_Condensed-Bold.ttf in Resources */,
				6D76623987744278B670F456 /* NotoSansMalayalam_Condensed-ExtraBold.ttf in Resources */,
				705CF9B0824A4E4D935C2B24 /* NotoSansMalayalam_Condensed-ExtraLight.ttf in Resources */,
				297EB89D4A574BC1B00891D2 /* NotoSansMalayalam_Condensed-Light.ttf in Resources */,
				63DA9667FFA74FE2BEE39455 /* NotoSansMalayalam_Condensed-Medium.ttf in Resources */,
				285ECBC673094C14BA4FE06F /* NotoSansMalayalam_Condensed-Regular.ttf in Resources */,
				652E5CC6563647FAB9D2B843 /* NotoSansMalayalam_Condensed-SemiBold.ttf in Resources */,
				48BB02F12A4942F6B7AEB88B /* NotoSansMalayalam_Condensed-Thin.ttf in Resources */,
				82271F319F674EE18CE33121 /* NotoSansMalayalam_ExtraCondensed-Black.ttf in Resources */,
				002EC2F045F445A6A2E577F0 /* NotoSansMalayalam_ExtraCondensed-Bold.ttf in Resources */,
				8637290F3517408D80825F8D /* NotoSansMalayalam_ExtraCondensed-ExtraBold.ttf in Resources */,
				B37CA104882B40749B833F63 /* NotoSansMalayalam_ExtraCondensed-ExtraLight.ttf in Resources */,
				54031832BB82469E9C364DF2 /* NotoSansMalayalam_ExtraCondensed-Light.ttf in Resources */,
				835D78EB53884E82B5C5934F /* NotoSansMalayalam_ExtraCondensed-Medium.ttf in Resources */,
				27B1DF96EF8347E99BE3DDC8 /* NotoSansMalayalam_ExtraCondensed-Regular.ttf in Resources */,
				67FB37C7F7ED4B4FA84AF45D /* NotoSansMalayalam_ExtraCondensed-SemiBold.ttf in Resources */,
				0553FC3C6B6B488FB9AF0F3C /* NotoSansMalayalam_ExtraCondensed-Thin.ttf in Resources */,
				4C9BF18A306F4674B3816783 /* NotoSansMalayalam_SemiCondensed-Black.ttf in Resources */,
				EAAB66BBCBB04250AC99937A /* NotoSansMalayalam_SemiCondensed-Bold.ttf in Resources */,
				066CA988449749DF959BB022 /* NotoSansMalayalam_SemiCondensed-ExtraBold.ttf in Resources */,
				8BB3F277C1FD4FE5948D25A0 /* NotoSansMalayalam_SemiCondensed-ExtraLight.ttf in Resources */,
				E7CF7C0297E24E38BB2AFFB4 /* NotoSansMalayalam_SemiCondensed-Light.ttf in Resources */,
				E6CCC7FE206E4317ADBB2D6E /* NotoSansMalayalam_SemiCondensed-Medium.ttf in Resources */,
				A589A1EC787748858FE18FB4 /* NotoSansMalayalam_SemiCondensed-Regular.ttf in Resources */,
				F18078AC1093404F8640F9F8 /* NotoSansMalayalam_SemiCondensed-SemiBold.ttf in Resources */,
				9298E9EA631E4644A403E660 /* NotoSansMalayalam_SemiCondensed-Thin.ttf in Resources */,
				50EA518105234632A637DBAD /* OFL.txt in Resources */,
				C63C79DA76464E27B6E6FFED /* README.txt in Resources */,
			);
			runOnlyForDeploymentPostprocessing = 0;
		};
/* End PBXResourcesBuildPhase section */

/* Begin PBXShellScriptBuildPhase section */
		00DD1BFF1BD5951E006B06BC /* Bundle React Native code and images */ = {
			isa = PBXShellScriptBuildPhase;
			buildActionMask = 2147483647;
			files = (
			);
			inputPaths = (
				"$(SRCROOT)/.xcode.env.local",
				"$(SRCROOT)/.xcode.env",
			);
			name = "Bundle React Native code and images";
			outputPaths = (
			);
			runOnlyForDeploymentPostprocessing = 0;
			shellPath = /bin/sh;
			shellScript = "set -e\n\nWITH_ENVIRONMENT=\"$REACT_NATIVE_PATH/scripts/xcode/with-environment.sh\"\nREACT_NATIVE_XCODE=\"$REACT_NATIVE_PATH/scripts/react-native-xcode.sh\"\n\n/bin/sh -c \"$WITH_ENVIRONMENT $REACT_NATIVE_XCODE\"\n";
		};
		00EEFC60759A1932668264C0 /* [CP] Embed Pods Frameworks */ = {
			isa = PBXShellScriptBuildPhase;
			buildActionMask = 2147483647;
			files = (
			);
			inputFileListPaths = (
				"${PODS_ROOT}/Target Support Files/Pods-AdhkarApp/Pods-AdhkarApp-frameworks-${CONFIGURATION}-input-files.xcfilelist",
			);
			name = "[CP] Embed Pods Frameworks";
			outputFileListPaths = (
				"${PODS_ROOT}/Target Support Files/Pods-AdhkarApp/Pods-AdhkarApp-frameworks-${CONFIGURATION}-output-files.xcfilelist",
			);
			runOnlyForDeploymentPostprocessing = 0;
			shellPath = /bin/sh;
			shellScript = "\"${PODS_ROOT}/Target Support Files/Pods-AdhkarApp/Pods-AdhkarApp-frameworks.sh\"\n";
			showEnvVarsInLog = 0;
		};
		C38B50BA6285516D6DCD4F65 /* [CP] Check Pods Manifest.lock */ = {
			isa = PBXShellScriptBuildPhase;
			buildActionMask = 2147483647;
			files = (
			);
			inputFileListPaths = (
			);
			inputPaths = (
				"${PODS_PODFILE_DIR_PATH}/Podfile.lock",
				"${PODS_ROOT}/Manifest.lock",
			);
			name = "[CP] Check Pods Manifest.lock";
			outputFileListPaths = (
			);
			outputPaths = (
				"$(DERIVED_FILE_DIR)/Pods-AdhkarApp-checkManifestLockResult.txt",
			);
			runOnlyForDeploymentPostprocessing = 0;
			shellPath = /bin/sh;
			shellScript = "diff \"${PODS_PODFILE_DIR_PATH}/Podfile.lock\" \"${PODS_ROOT}/Manifest.lock\" > /dev/null\nif [ $? != 0 ] ; then\n    # print error to STDERR\n    echo \"error: The sandbox is not in sync with the Podfile.lock. Run 'pod install' or update your CocoaPods installation.\" >&2\n    exit 1\nfi\n# This output is used by Xcode 'outputs' to avoid re-running this script phase.\necho \"SUCCESS\" > \"${SCRIPT_OUTPUT_FILE_0}\"\n";
			showEnvVarsInLog = 0;
		};
		E235C05ADACE081382539298 /* [CP] Copy Pods Resources */ = {
			isa = PBXShellScriptBuildPhase;
			buildActionMask = 2147483647;
			files = (
			);
			inputFileListPaths = (
				"${PODS_ROOT}/Target Support Files/Pods-AdhkarApp/Pods-AdhkarApp-resources-${CONFIGURATION}-input-files.xcfilelist",
			);
			name = "[CP] Copy Pods Resources";
			outputFileListPaths = (
				"${PODS_ROOT}/Target Support Files/Pods-AdhkarApp/Pods-AdhkarApp-resources-${CONFIGURATION}-output-files.xcfilelist",
			);
			runOnlyForDeploymentPostprocessing = 0;
			shellPath = /bin/sh;
			shellScript = "\"${PODS_ROOT}/Target Support Files/Pods-AdhkarApp/Pods-AdhkarApp-resources.sh\"\n";
			showEnvVarsInLog = 0;
		};
/* End PBXShellScriptBuildPhase section */

/* Begin PBXSourcesBuildPhase section */
		13B07F871A680F5B00A75B9A /* Sources */ = {
			isa = PBXSourcesBuildPhase;
			buildActionMask = 2147483647;
			files = (
				761780ED2CA45674006654EE /* AppDelegate.swift in Sources */,
			);
			runOnlyForDeploymentPostprocessing = 0;
		};
/* End PBXSourcesBuildPhase section */

/* Begin XCBuildConfiguration section */
		13B07F941A680F5B00A75B9A /* Debug */ = {
			isa = XCBuildConfiguration;
			baseConfigurationReference = 3B4392A12AC88292D35C810B /* Pods-AdhkarApp.debug.xcconfig */;
			buildSettings = {
				ASSETCATALOG_COMPILER_APPICON_NAME = AppIcon;
				CLANG_ENABLE_MODULES = YES;
				CURRENT_PROJECT_VERSION = 1;
				ENABLE_BITCODE = NO;
				INFOPLIST_FILE = AdhkarApp/Info.plist;
				IPHONEOS_DEPLOYMENT_TARGET = 15.1;
				LD_RUNPATH_SEARCH_PATHS = (
					"$(inherited)",
					"@executable_path/Frameworks",
				);
				MARKETING_VERSION = 1.0;
				OTHER_LDFLAGS = (
					"$(inherited)",
					"-ObjC",
					"-lc++",
				);
				PRODUCT_BUNDLE_IDENTIFIER = "salahudheen.adhkar";
				PRODUCT_NAME = AdhkarApp;
				SWIFT_OPTIMIZATION_LEVEL = "-Onone";
				SWIFT_VERSION = 5.0;
				VERSIONING_SYSTEM = "apple-generic";
			};
			name = Debug;
		};
		13B07F951A680F5B00A75B9A /* Release */ = {
			isa = XCBuildConfiguration;
			baseConfigurationReference = 5709B34CF0A7D63546082F79 /* Pods-AdhkarApp.release.xcconfig */;
			buildSettings = {
				ASSETCATALOG_COMPILER_APPICON_NAME = AppIcon;
				CLANG_ENABLE_MODULES = YES;
				CURRENT_PROJECT_VERSION = 1;
				INFOPLIST_FILE = AdhkarApp/Info.plist;
				IPHONEOS_DEPLOYMENT_TARGET = 15.1;
				LD_RUNPATH_SEARCH_PATHS = (
					"$(inherited)",
					"@executable_path/Frameworks",
				);
				MARKETING_VERSION = 1.0;
				OTHER_LDFLAGS = (
					"$(inherited)",
					"-ObjC",
					"-lc++",
				);
				PRODUCT_BUNDLE_IDENTIFIER = "salahudheen.adhkar";
				PRODUCT_NAME = AdhkarApp;
				SWIFT_VERSION = 5.0;
				VERSIONING_SYSTEM = "apple-generic";
			};
			name = Release;
		};
		83CBBA201A601CBA00E9B192 /* Debug */ = {
			isa = XCBuildConfiguration;
			buildSettings = {
				ALWAYS_SEARCH_USER_PATHS = NO;
				CLANG_ANALYZER_LOCALIZABILITY_NONLOCALIZED = YES;
				CLANG_CXX_LANGUAGE_STANDARD = "c++20";
				CLANG_CXX_LIBRARY = "libc++";
				CLANG_ENABLE_MODULES = YES;
				CLANG_ENABLE_OBJC_ARC = YES;
				CLANG_WARN_BLOCK_CAPTURE_AUTORELEASING = YES;
				CLANG_WARN_BOOL_CONVERSION = YES;
				CLANG_WARN_COMMA = YES;
				CLANG_WARN_CONSTANT_CONVERSION = YES;
				CLANG_WARN_DEPRECATED_OBJC_IMPLEMENTATIONS = YES;
				CLANG_WARN_DIRECT_OBJC_ISA_USAGE = YES_ERROR;
				CLANG_WARN_EMPTY_BODY = YES;
				CLANG_WARN_ENUM_CONVERSION = YES;
				CLANG_WARN_INFINITE_RECURSION = YES;
				CLANG_WARN_INT_CONVERSION = YES;
				CLANG_WARN_NON_LITERAL_NULL_CONVERSION = YES;
				CLANG_WARN_OBJC_IMPLICIT_RETAIN_SELF = YES;
				CLANG_WARN_OBJC_LITERAL_CONVERSION = YES;
				CLANG_WARN_OBJC_ROOT_CLASS = YES_ERROR;
				CLANG_WARN_QUOTED_INCLUDE_IN_FRAMEWORK_HEADER = YES;
				CLANG_WARN_RANGE_LOOP_ANALYSIS = YES;
				CLANG_WARN_STRICT_PROTOTYPES = YES;
				CLANG_WARN_SUSPICIOUS_MOVE = YES;
				CLANG_WARN_UNREACHABLE_CODE = YES;
				CLANG_WARN__DUPLICATE_METHOD_MATCH = YES;
				"CODE_SIGN_IDENTITY[sdk=iphoneos*]" = "iPhone Developer";
				COPY_PHASE_STRIP = NO;
				ENABLE_STRICT_OBJC_MSGSEND = YES;
				ENABLE_TESTABILITY = YES;
				"EXCLUDED_ARCHS[sdk=iphonesimulator*]" = "";
				GCC_C_LANGUAGE_STANDARD = gnu99;
				GCC_DYNAMIC_NO_PIC = NO;
				GCC_NO_COMMON_BLOCKS = YES;
				GCC_OPTIMIZATION_LEVEL = 0;
				GCC_PREPROCESSOR_DEFINITIONS = (
					"DEBUG=1",
					"$(inherited)",
				);
				GCC_SYMBOLS_PRIVATE_EXTERN = NO;
				GCC_WARN_64_TO_32_BIT_CONVERSION = YES;
				GCC_WARN_ABOUT_RETURN_TYPE = YES_ERROR;
				GCC_WARN_UNDECLARED_SELECTOR = YES;
				GCC_WARN_UNINITIALIZED_AUTOS = YES_AGGRESSIVE;
				GCC_WARN_UNUSED_FUNCTION = YES;
				GCC_WARN_UNUSED_VARIABLE = YES;
				IPHONEOS_DEPLOYMENT_TARGET = 15.1;
				LD_RUNPATH_SEARCH_PATHS = (
					/usr/lib/swift,
					"$(inherited)",
				);
				LIBRARY_SEARCH_PATHS = (
					"\"$(SDKROOT)/usr/lib/swift\"",
					"\"$(TOOLCHAIN_DIR)/usr/lib/swift/$(PLATFORM_NAME)\"",
					"\"$(inherited)\"",
				);
				MTL_ENABLE_DEBUG_INFO = YES;
				ONLY_ACTIVE_ARCH = YES;
				OTHER_CPLUSPLUSFLAGS = (
					"$(OTHER_CFLAGS)",
					"-DFOLLY_NO_CONFIG",
					"-DFOLLY_MOBILE=1",
					"-DFOLLY_USE_LIBCPP=1",
					"-DFOLLY_CFG_NO_COROUTINES=1",
					"-DFOLLY_HAVE_CLOCK_GETTIME=1",
				);
				SDKROOT = iphoneos;
			};
			name = Debug;
		};
		83CBBA211A601CBA00E9B192 /* Release */ = {
			isa = XCBuildConfiguration;
			buildSettings = {
				ALWAYS_SEARCH_USER_PATHS = NO;
				CLANG_ANALYZER_LOCALIZABILITY_NONLOCALIZED = YES;
				CLANG_CXX_LANGUAGE_STANDARD = "c++20";
				CLANG_CXX_LIBRARY = "libc++";
				CLANG_ENABLE_MODULES = YES;
				CLANG_ENABLE_OBJC_ARC = YES;
				CLANG_WARN_BLOCK_CAPTURE_AUTORELEASING = YES;
				CLANG_WARN_BOOL_CONVERSION = YES;
				CLANG_WARN_COMMA = YES;
				CLANG_WARN_CONSTANT_CONVERSION = YES;
				CLANG_WARN_DEPRECATED_OBJC_IMPLEMENTATIONS = YES;
				CLANG_WARN_DIRECT_OBJC_ISA_USAGE = YES_ERROR;
				CLANG_WARN_EMPTY_BODY = YES;
				CLANG_WARN_ENUM_CONVERSION = YES;
				CLANG_WARN_INFINITE_RECURSION = YES;
				CLANG_WARN_INT_CONVERSION = YES;
				CLANG_WARN_NON_LITERAL_NULL_CONVERSION = YES;
				CLANG_WARN_OBJC_IMPLICIT_RETAIN_SELF = YES;
				CLANG_WARN_OBJC_LITERAL_CONVERSION = YES;
				CLANG_WARN_OBJC_ROOT_CLASS = YES_ERROR;
				CLANG_WARN_QUOTED_INCLUDE_IN_FRAMEWORK_HEADER = YES;
				CLANG_WARN_RANGE_LOOP_ANALYSIS = YES;
				CLANG_WARN_STRICT_PROTOTYPES = YES;
				CLANG_WARN_SUSPICIOUS_MOVE = YES;
				CLANG_WARN_UNREACHABLE_CODE = YES;
				CLANG_WARN__DUPLICATE_METHOD_MATCH = YES;
				"CODE_SIGN_IDENTITY[sdk=iphoneos*]" = "iPhone Developer";
				COPY_PHASE_STRIP = YES;
				ENABLE_NS_ASSERTIONS = NO;
				ENABLE_STRICT_OBJC_MSGSEND = YES;
				"EXCLUDED_ARCHS[sdk=iphonesimulator*]" = "";
				GCC_C_LANGUAGE_STANDARD = gnu99;
				GCC_NO_COMMON_BLOCKS = YES;
				GCC_WARN_64_TO_32_BIT_CONVERSION = YES;
				GCC_WARN_ABOUT_RETURN_TYPE = YES_ERROR;
				GCC_WARN_UNDECLARED_SELECTOR = YES;
				GCC_WARN_UNINITIALIZED_AUTOS = YES_AGGRESSIVE;
				GCC_WARN_UNUSED_FUNCTION = YES;
				GCC_WARN_UNUSED_VARIABLE = YES;
				IPHONEOS_DEPLOYMENT_TARGET = 15.1;
				LD_RUNPATH_SEARCH_PATHS = (
					/usr/lib/swift,
					"$(inherited)",
				);
				LIBRARY_SEARCH_PATHS = (
					"\"$(SDKROOT)/usr/lib/swift\"",
					"\"$(TOOLCHAIN_DIR)/usr/lib/swift/$(PLATFORM_NAME)\"",
					"\"$(inherited)\"",
				);
				MTL_ENABLE_DEBUG_INFO = NO;
				OTHER_CPLUSPLUSFLAGS = (
					"$(OTHER_CFLAGS)",
					"-DFOLLY_NO_CONFIG",
					"-DFOLLY_MOBILE=1",
					"-DFOLLY_USE_LIBCPP=1",
					"-DFOLLY_CFG_NO_COROUTINES=1",
					"-DFOLLY_HAVE_CLOCK_GETTIME=1",
				);
				SDKROOT = iphoneos;
				VALIDATE_PRODUCT = YES;
			};
			name = Release;
		};
/* End XCBuildConfiguration section */

/* Begin XCConfigurationList section */
		13B07F931A680F5B00A75B9A /* Build configuration list for PBXNativeTarget "AdhkarApp" */ = {
			isa = XCConfigurationList;
			buildConfigurations = (
				13B07F941A680F5B00A75B9A /* Debug */,
				13B07F951A680F5B00A75B9A /* Release */,
			);
			defaultConfigurationIsVisible = 0;
			defaultConfigurationName = Release;
		};
		83CBB9FA1A601CBA00E9B192 /* Build configuration list for PBXProject "AdhkarApp" */ = {
			isa = XCConfigurationList;
			buildConfigurations = (
				83CBBA201A601CBA00E9B192 /* Debug */,
				83CBBA211A601CBA00E9B192 /* Release */,
			);
			defaultConfigurationIsVisible = 0;
			defaultConfigurationName = Release;
		};
/* End XCConfigurationList section */
	};
	rootObject = 83CBB9F71A601CBA00E9B192 /* Project object */;
}
